
Microsoft Visual Studio Solution File, Format Version 12.00
# Visual Studio Version 17
VisualStudioVersion = 17.0.31903.59
MinimumVisualStudioVersion = 10.0.40219.1
Project("{2150E333-8FDC-42A3-9474-1A3956D46DE8}") = "source", "source", "{9805FFFF-9C74-4E1F-9FE8-0423C9469E33}"
EndProject
Project("{2150E333-8FDC-42A3-9474-1A3956D46DE8}") = "settlement-report", "settlement-report", "{8A8252D2-968E-4097-8D84-5E1A4287AB23}"
EndProject
Project("{2150E333-8FDC-42A3-9474-1A3956D46DE8}") = "CalculationResults", "CalculationResults", "{AB7E31F4-B041-4FF8-9A73-AF3C3706C2FC}"
EndProject
Project("{FAE04EC0-301F-11D3-BF4B-00C04F79EFBC}") = "CalculationResults.Application", "source\settlement-report\CalculationResults\CalculationResults.Application\CalculationResults.Application.csproj", "{F93325DE-7BD5-4728-B3AD-F22787F23805}"
EndProject
Project("{FAE04EC0-301F-11D3-BF4B-00C04F79EFBC}") = "CalculationResults.Infrastructure", "source\settlement-report\CalculationResults\CalculationResults.Infrastructure\CalculationResults.Infrastructure.csproj", "{C5449A5E-D461-4CD5-8F08-BBE384106A90}"
EndProject
Project("{FAE04EC0-301F-11D3-BF4B-00C04F79EFBC}") = "CalculationResults.IntegrationTests", "source\settlement-report\CalculationResults\CalculationResults.IntegrationTests\CalculationResults.IntegrationTests.csproj", "{631520F6-5484-4402-AD9D-94FED357EE5B}"
EndProject
Project("{FAE04EC0-301F-11D3-BF4B-00C04F79EFBC}") = "CalculationResults.Interfaces", "source\settlement-report\CalculationResults\CalculationResults.Interfaces\CalculationResults.Interfaces.csproj", "{32172C4F-DB74-49E0-99FB-1A9553035C6B}"
EndProject
Project("{FAE04EC0-301F-11D3-BF4B-00C04F79EFBC}") = "CalculationResults.UnitTests", "source\settlement-report\CalculationResults\CalculationResults.UnitTests\CalculationResults.UnitTests.csproj", "{70C79553-0C4C-488F-9872-91256E30CAAD}"
EndProject
Project("{2150E333-8FDC-42A3-9474-1A3956D46DE8}") = "Calculations", "Calculations", "{A9AD092B-CCE8-4688-83ED-1D91EE826F16}"
EndProject
Project("{FAE04EC0-301F-11D3-BF4B-00C04F79EFBC}") = "Calculations.Application", "source\settlement-report\Calculations\Calculations.Application\Calculations.Application.csproj", "{8544590D-0464-45AD-8BCB-2D8FBE91058B}"
EndProject
Project("{FAE04EC0-301F-11D3-BF4B-00C04F79EFBC}") = "Calculations.Infrastructure", "source\settlement-report\Calculations\Calculations.Infrastructure\Calculations.Infrastructure.csproj", "{478FEE50-C5F3-454D-8CFB-C1B8783CD5A2}"
EndProject
Project("{FAE04EC0-301F-11D3-BF4B-00C04F79EFBC}") = "Calculations.IntegrationTests", "source\settlement-report\Calculations\Calculations.IntegrationTests\Calculations.IntegrationTests.csproj", "{96B3EA4E-506D-4E93-9F12-002C90CE59E8}"
EndProject
Project("{FAE04EC0-301F-11D3-BF4B-00C04F79EFBC}") = "Calculations.Interfaces", "source\settlement-report\Calculations\Calculations.Interfaces\Calculations.Interfaces.csproj", "{E2CFCD5F-E36A-4E4A-B091-6C0E59BB153D}"
EndProject
Project("{FAE04EC0-301F-11D3-BF4B-00C04F79EFBC}") = "Calculations.UnitTests", "source\settlement-report\Calculations\Calculations.UnitTests\Calculations.UnitTests.csproj", "{CDC115DD-D751-484C-A114-DA16F6E3BE68}"
EndProject
Project("{FAE04EC0-301F-11D3-BF4B-00C04F79EFBC}") = "Common.Infrastructure", "source\settlement-report\Common.Infrastructure\Common.Infrastructure.csproj", "{90CB46D5-6345-40A2-BACC-9D3C211EF692}"
EndProject
Project("{FAE04EC0-301F-11D3-BF4B-00C04F79EFBC}") = "Common.Interfaces", "source\settlement-report\Common.Interfaces\Common.Interfaces.csproj", "{46BC1973-F2E0-4FED-9FB3-92CD7E489072}"
EndProject
Project("{FAE04EC0-301F-11D3-BF4B-00C04F79EFBC}") = "Orchestration.SettlementReports", "source\settlement-report\Orchestration.SettlementReports\Orchestration.SettlementReports.csproj", "{A119215C-4161-4BDC-8E7C-0DA6DD655079}"
EndProject
Project("{FAE04EC0-301F-11D3-BF4B-00C04F79EFBC}") = "DatabaseMigration", "source\settlement-report\DatabaseMigration\DatabaseMigration.csproj", "{EB86F2BA-AC67-4A51-BDD7-E391CDFDF265}"
EndProject
Project("{FAE04EC0-301F-11D3-BF4B-00C04F79EFBC}") = "Test.Core", "source\settlement-report\Test.Core\Test.Core.csproj", "{F16F641E-9989-4BD9-97D8-2135DD52B803}"
EndProject
Global
	GlobalSection(SolutionConfigurationPlatforms) = preSolution
		Debug|Any CPU = Debug|Any CPU
		Release|Any CPU = Release|Any CPU
	EndGlobalSection
	GlobalSection(SolutionProperties) = preSolution
		HideSolutionNode = FALSE
	EndGlobalSection
	GlobalSection(ProjectConfigurationPlatforms) = postSolution
		{F93325DE-7BD5-4728-B3AD-F22787F23805}.Debug|Any CPU.ActiveCfg = Debug|Any CPU
		{F93325DE-7BD5-4728-B3AD-F22787F23805}.Debug|Any CPU.Build.0 = Debug|Any CPU
		{F93325DE-7BD5-4728-B3AD-F22787F23805}.Release|Any CPU.ActiveCfg = Release|Any CPU
		{F93325DE-7BD5-4728-B3AD-F22787F23805}.Release|Any CPU.Build.0 = Release|Any CPU
		{C5449A5E-D461-4CD5-8F08-BBE384106A90}.Debug|Any CPU.ActiveCfg = Debug|Any CPU
		{C5449A5E-D461-4CD5-8F08-BBE384106A90}.Debug|Any CPU.Build.0 = Debug|Any CPU
		{C5449A5E-D461-4CD5-8F08-BBE384106A90}.Release|Any CPU.ActiveCfg = Release|Any CPU
		{C5449A5E-D461-4CD5-8F08-BBE384106A90}.Release|Any CPU.Build.0 = Release|Any CPU
		{631520F6-5484-4402-AD9D-94FED357EE5B}.Debug|Any CPU.ActiveCfg = Debug|Any CPU
		{631520F6-5484-4402-AD9D-94FED357EE5B}.Debug|Any CPU.Build.0 = Debug|Any CPU
		{631520F6-5484-4402-AD9D-94FED357EE5B}.Release|Any CPU.ActiveCfg = Release|Any CPU
		{631520F6-5484-4402-AD9D-94FED357EE5B}.Release|Any CPU.Build.0 = Release|Any CPU
		{32172C4F-DB74-49E0-99FB-1A9553035C6B}.Debug|Any CPU.ActiveCfg = Debug|Any CPU
		{32172C4F-DB74-49E0-99FB-1A9553035C6B}.Debug|Any CPU.Build.0 = Debug|Any CPU
		{32172C4F-DB74-49E0-99FB-1A9553035C6B}.Release|Any CPU.ActiveCfg = Release|Any CPU
		{32172C4F-DB74-49E0-99FB-1A9553035C6B}.Release|Any CPU.Build.0 = Release|Any CPU
		{70C79553-0C4C-488F-9872-91256E30CAAD}.Debug|Any CPU.ActiveCfg = Debug|Any CPU
		{70C79553-0C4C-488F-9872-91256E30CAAD}.Debug|Any CPU.Build.0 = Debug|Any CPU
		{70C79553-0C4C-488F-9872-91256E30CAAD}.Release|Any CPU.ActiveCfg = Release|Any CPU
		{70C79553-0C4C-488F-9872-91256E30CAAD}.Release|Any CPU.Build.0 = Release|Any CPU
		{8544590D-0464-45AD-8BCB-2D8FBE91058B}.Debug|Any CPU.ActiveCfg = Debug|Any CPU
		{8544590D-0464-45AD-8BCB-2D8FBE91058B}.Debug|Any CPU.Build.0 = Debug|Any CPU
		{8544590D-0464-45AD-8BCB-2D8FBE91058B}.Release|Any CPU.ActiveCfg = Release|Any CPU
		{8544590D-0464-45AD-8BCB-2D8FBE91058B}.Release|Any CPU.Build.0 = Release|Any CPU
		{478FEE50-C5F3-454D-8CFB-C1B8783CD5A2}.Debug|Any CPU.ActiveCfg = Debug|Any CPU
		{478FEE50-C5F3-454D-8CFB-C1B8783CD5A2}.Debug|Any CPU.Build.0 = Debug|Any CPU
		{478FEE50-C5F3-454D-8CFB-C1B8783CD5A2}.Release|Any CPU.ActiveCfg = Release|Any CPU
		{478FEE50-C5F3-454D-8CFB-C1B8783CD5A2}.Release|Any CPU.Build.0 = Release|Any CPU
		{96B3EA4E-506D-4E93-9F12-002C90CE59E8}.Debug|Any CPU.ActiveCfg = Debug|Any CPU
		{96B3EA4E-506D-4E93-9F12-002C90CE59E8}.Debug|Any CPU.Build.0 = Debug|Any CPU
		{96B3EA4E-506D-4E93-9F12-002C90CE59E8}.Release|Any CPU.ActiveCfg = Release|Any CPU
		{96B3EA4E-506D-4E93-9F12-002C90CE59E8}.Release|Any CPU.Build.0 = Release|Any CPU
		{E2CFCD5F-E36A-4E4A-B091-6C0E59BB153D}.Debug|Any CPU.ActiveCfg = Debug|Any CPU
		{E2CFCD5F-E36A-4E4A-B091-6C0E59BB153D}.Debug|Any CPU.Build.0 = Debug|Any CPU
		{E2CFCD5F-E36A-4E4A-B091-6C0E59BB153D}.Release|Any CPU.ActiveCfg = Release|Any CPU
		{E2CFCD5F-E36A-4E4A-B091-6C0E59BB153D}.Release|Any CPU.Build.0 = Release|Any CPU
		{CDC115DD-D751-484C-A114-DA16F6E3BE68}.Debug|Any CPU.ActiveCfg = Debug|Any CPU
		{CDC115DD-D751-484C-A114-DA16F6E3BE68}.Debug|Any CPU.Build.0 = Debug|Any CPU
		{CDC115DD-D751-484C-A114-DA16F6E3BE68}.Release|Any CPU.ActiveCfg = Release|Any CPU
		{CDC115DD-D751-484C-A114-DA16F6E3BE68}.Release|Any CPU.Build.0 = Release|Any CPU
		{90CB46D5-6345-40A2-BACC-9D3C211EF692}.Debug|Any CPU.ActiveCfg = Debug|Any CPU
		{90CB46D5-6345-40A2-BACC-9D3C211EF692}.Debug|Any CPU.Build.0 = Debug|Any CPU
		{90CB46D5-6345-40A2-BACC-9D3C211EF692}.Release|Any CPU.ActiveCfg = Release|Any CPU
		{90CB46D5-6345-40A2-BACC-9D3C211EF692}.Release|Any CPU.Build.0 = Release|Any CPU
		{46BC1973-F2E0-4FED-9FB3-92CD7E489072}.Debug|Any CPU.ActiveCfg = Debug|Any CPU
		{46BC1973-F2E0-4FED-9FB3-92CD7E489072}.Debug|Any CPU.Build.0 = Debug|Any CPU
		{46BC1973-F2E0-4FED-9FB3-92CD7E489072}.Release|Any CPU.ActiveCfg = Release|Any CPU
		{46BC1973-F2E0-4FED-9FB3-92CD7E489072}.Release|Any CPU.Build.0 = Release|Any CPU
		{A119215C-4161-4BDC-8E7C-0DA6DD655079}.Debug|Any CPU.ActiveCfg = Debug|Any CPU
		{A119215C-4161-4BDC-8E7C-0DA6DD655079}.Debug|Any CPU.Build.0 = Debug|Any CPU
		{A119215C-4161-4BDC-8E7C-0DA6DD655079}.Release|Any CPU.ActiveCfg = Release|Any CPU
		{A119215C-4161-4BDC-8E7C-0DA6DD655079}.Release|Any CPU.Build.0 = Release|Any CPU
		{EB86F2BA-AC67-4A51-BDD7-E391CDFDF265}.Debug|Any CPU.ActiveCfg = Debug|Any CPU
		{EB86F2BA-AC67-4A51-BDD7-E391CDFDF265}.Debug|Any CPU.Build.0 = Debug|Any CPU
		{EB86F2BA-AC67-4A51-BDD7-E391CDFDF265}.Release|Any CPU.ActiveCfg = Release|Any CPU
		{EB86F2BA-AC67-4A51-BDD7-E391CDFDF265}.Release|Any CPU.Build.0 = Release|Any CPU
		{F16F641E-9989-4BD9-97D8-2135DD52B803}.Debug|Any CPU.ActiveCfg = Debug|Any CPU
		{F16F641E-9989-4BD9-97D8-2135DD52B803}.Debug|Any CPU.Build.0 = Debug|Any CPU
		{F16F641E-9989-4BD9-97D8-2135DD52B803}.Release|Any CPU.ActiveCfg = Release|Any CPU
		{F16F641E-9989-4BD9-97D8-2135DD52B803}.Release|Any CPU.Build.0 = Release|Any CPU
	EndGlobalSection
	GlobalSection(NestedProjects) = preSolution
		{8A8252D2-968E-4097-8D84-5E1A4287AB23} = {9805FFFF-9C74-4E1F-9FE8-0423C9469E33}
		{AB7E31F4-B041-4FF8-9A73-AF3C3706C2FC} = {8A8252D2-968E-4097-8D84-5E1A4287AB23}
		{F93325DE-7BD5-4728-B3AD-F22787F23805} = {AB7E31F4-B041-4FF8-9A73-AF3C3706C2FC}
		{C5449A5E-D461-4CD5-8F08-BBE384106A90} = {AB7E31F4-B041-4FF8-9A73-AF3C3706C2FC}
		{631520F6-5484-4402-AD9D-94FED357EE5B} = {AB7E31F4-B041-4FF8-9A73-AF3C3706C2FC}
		{32172C4F-DB74-49E0-99FB-1A9553035C6B} = {AB7E31F4-B041-4FF8-9A73-AF3C3706C2FC}
		{70C79553-0C4C-488F-9872-91256E30CAAD} = {AB7E31F4-B041-4FF8-9A73-AF3C3706C2FC}
		{A9AD092B-CCE8-4688-83ED-1D91EE826F16} = {8A8252D2-968E-4097-8D84-5E1A4287AB23}
		{8544590D-0464-45AD-8BCB-2D8FBE91058B} = {A9AD092B-CCE8-4688-83ED-1D91EE826F16}
		{478FEE50-C5F3-454D-8CFB-C1B8783CD5A2} = {A9AD092B-CCE8-4688-83ED-1D91EE826F16}
		{96B3EA4E-506D-4E93-9F12-002C90CE59E8} = {A9AD092B-CCE8-4688-83ED-1D91EE826F16}
		{E2CFCD5F-E36A-4E4A-B091-6C0E59BB153D} = {A9AD092B-CCE8-4688-83ED-1D91EE826F16}
		{CDC115DD-D751-484C-A114-DA16F6E3BE68} = {A9AD092B-CCE8-4688-83ED-1D91EE826F16}
		{90CB46D5-6345-40A2-BACC-9D3C211EF692} = {8A8252D2-968E-4097-8D84-5E1A4287AB23}
		{46BC1973-F2E0-4FED-9FB3-92CD7E489072} = {8A8252D2-968E-4097-8D84-5E1A4287AB23}
		{A119215C-4161-4BDC-8E7C-0DA6DD655079} = {8A8252D2-968E-4097-8D84-5E1A4287AB23}
		{EB86F2BA-AC67-4A51-BDD7-E391CDFDF265} = {8A8252D2-968E-4097-8D84-5E1A4287AB23}
		{F16F641E-9989-4BD9-97D8-2135DD52B803} = {8A8252D2-968E-4097-8D84-5E1A4287AB23}
	EndGlobalSection
EndGlobal
