
Microsoft Visual Studio Solution File, Format Version 12.00
# Visual Studio Version 17
VisualStudioVersion = 17.0.31903.59
MinimumVisualStudioVersion = 10.0.40219.1
Project("{2150E333-8FDC-42A3-9474-1A3956D46DE8}") = "source", "source", "{9805FFFF-9C74-4E1F-9FE8-0423C9469E33}"
EndProject
Project("{2150E333-8FDC-42A3-9474-1A3956D46DE8}") = "settlement-report", "settlement-report", "{8A8252D2-968E-4097-8D84-5E1A4287AB23}"
EndProject
Project("{FAE04EC0-301F-11D3-BF4B-00C04F79EFBC}") = "Common.Infrastructure", "source\settlement-report\Common.Infrastructure\Common.Infrastructure.csproj", "{90CB46D5-6345-40A2-BACC-9D3C211EF692}"
EndProject
Project("{FAE04EC0-301F-11D3-BF4B-00C04F79EFBC}") = "Common.Interfaces", "source\settlement-report\Common.Interfaces\Common.Interfaces.csproj", "{46BC1973-F2E0-4FED-9FB3-92CD7E489072}"
EndProject
Project("{FAE04EC0-301F-11D3-BF4B-00C04F79EFBC}") = "Orchestration.SettlementReports", "source\settlement-report\Orchestration.SettlementReports\Orchestration.SettlementReports.csproj", "{A119215C-4161-4BDC-8E7C-0DA6DD655079}"
EndProject
Project("{FAE04EC0-301F-11D3-BF4B-00C04F79EFBC}") = "DatabaseMigration", "source\settlement-report\DatabaseMigration\DatabaseMigration.csproj", "{EB86F2BA-AC67-4A51-BDD7-E391CDFDF265}"
EndProject
Project("{FAE04EC0-301F-11D3-BF4B-00C04F79EFBC}") = "Test.Core", "source\settlement-report\Test.Core\Test.Core.csproj", "{F16F641E-9989-4BD9-97D8-2135DD52B803}"
EndProject
Project("{FAE04EC0-301F-11D3-BF4B-00C04F79EFBC}") = "Orchestration.SettlementReports.IntegrationTests", "source\settlement-report\Orchestration.SettlementReports.IntegrationTests\Orchestration.SettlementReports.IntegrationTests.csproj", "{63FCEA68-F792-4860-88AD-7EF163AD667F}"
EndProject
Project("{FAE04EC0-301F-11D3-BF4B-00C04F79EFBC}") = "WebAPI", "source\settlement-report\WebAPI\WebAPI.csproj", "{016FF5AF-759C-4A11-ABA1-723C6F925953}"
EndProject
Project("{FAE04EC0-301F-11D3-BF4B-00C04F79EFBC}") = "SettlementReports.Application", "source\settlement-report\SettlementReports.Application\SettlementReports.Application.csproj", "{90B61921-AF88-4010-AFB8-08FAA3EBF173}"
EndProject
Project("{FAE04EC0-301F-11D3-BF4B-00C04F79EFBC}") = "SettlementReports.Infrastructure", "source\settlement-report\SettlementReports.Infrastructure\SettlementReports.Infrastructure.csproj", "{401D1558-5548-455F-B6DE-619DD9ECB8BB}"
EndProject
Project("{FAE04EC0-301F-11D3-BF4B-00C04F79EFBC}") = "SettlementReports.IntegrationTests", "source\settlement-report\SettlementReports.IntegrationTests\SettlementReports.IntegrationTests.csproj", "{B9A8CF9A-7B62-481E-A155-DA07CD3172E9}"
EndProject
Project("{FAE04EC0-301F-11D3-BF4B-00C04F79EFBC}") = "SettlementReports.Interfaces", "source\settlement-report\SettlementReports.Interfaces\SettlementReports.Interfaces.csproj", "{16B95F69-FEED-4E17-9010-B97C3591CBD5}"
EndProject
Project("{FAE04EC0-301F-11D3-BF4B-00C04F79EFBC}") = "SettlementReports.UnitTests", "source\settlement-report\SettlementReports.UnitTests\SettlementReports.UnitTests.csproj", "{AC7E764C-12EF-492A-A60D-2E284AF2D31D}"
EndProject
Global
	GlobalSection(SolutionConfigurationPlatforms) = preSolution
		Debug|Any CPU = Debug|Any CPU
		Release|Any CPU = Release|Any CPU
	EndGlobalSection
	GlobalSection(SolutionProperties) = preSolution
		HideSolutionNode = FALSE
	EndGlobalSection
	GlobalSection(ProjectConfigurationPlatforms) = postSolution
		{90CB46D5-6345-40A2-BACC-9D3C211EF692}.Debug|Any CPU.ActiveCfg = Debug|Any CPU
		{90CB46D5-6345-40A2-BACC-9D3C211EF692}.Debug|Any CPU.Build.0 = Debug|Any CPU
		{90CB46D5-6345-40A2-BACC-9D3C211EF692}.Release|Any CPU.ActiveCfg = Release|Any CPU
		{90CB46D5-6345-40A2-BACC-9D3C211EF692}.Release|Any CPU.Build.0 = Release|Any CPU
		{46BC1973-F2E0-4FED-9FB3-92CD7E489072}.Debug|Any CPU.ActiveCfg = Debug|Any CPU
		{46BC1973-F2E0-4FED-9FB3-92CD7E489072}.Debug|Any CPU.Build.0 = Debug|Any CPU
		{46BC1973-F2E0-4FED-9FB3-92CD7E489072}.Release|Any CPU.ActiveCfg = Release|Any CPU
		{46BC1973-F2E0-4FED-9FB3-92CD7E489072}.Release|Any CPU.Build.0 = Release|Any CPU
		{A119215C-4161-4BDC-8E7C-0DA6DD655079}.Debug|Any CPU.ActiveCfg = Debug|Any CPU
		{A119215C-4161-4BDC-8E7C-0DA6DD655079}.Debug|Any CPU.Build.0 = Debug|Any CPU
		{A119215C-4161-4BDC-8E7C-0DA6DD655079}.Release|Any CPU.ActiveCfg = Release|Any CPU
		{A119215C-4161-4BDC-8E7C-0DA6DD655079}.Release|Any CPU.Build.0 = Release|Any CPU
		{EB86F2BA-AC67-4A51-BDD7-E391CDFDF265}.Debug|Any CPU.ActiveCfg = Debug|Any CPU
		{EB86F2BA-AC67-4A51-BDD7-E391CDFDF265}.Debug|Any CPU.Build.0 = Debug|Any CPU
		{EB86F2BA-AC67-4A51-BDD7-E391CDFDF265}.Release|Any CPU.ActiveCfg = Release|Any CPU
		{EB86F2BA-AC67-4A51-BDD7-E391CDFDF265}.Release|Any CPU.Build.0 = Release|Any CPU
		{F16F641E-9989-4BD9-97D8-2135DD52B803}.Debug|Any CPU.ActiveCfg = Debug|Any CPU
		{F16F641E-9989-4BD9-97D8-2135DD52B803}.Debug|Any CPU.Build.0 = Debug|Any CPU
		{F16F641E-9989-4BD9-97D8-2135DD52B803}.Release|Any CPU.ActiveCfg = Release|Any CPU
		{F16F641E-9989-4BD9-97D8-2135DD52B803}.Release|Any CPU.Build.0 = Release|Any CPU
		{63FCEA68-F792-4860-88AD-7EF163AD667F}.Debug|Any CPU.ActiveCfg = Debug|Any CPU
		{63FCEA68-F792-4860-88AD-7EF163AD667F}.Debug|Any CPU.Build.0 = Debug|Any CPU
		{63FCEA68-F792-4860-88AD-7EF163AD667F}.Release|Any CPU.ActiveCfg = Release|Any CPU
		{63FCEA68-F792-4860-88AD-7EF163AD667F}.Release|Any CPU.Build.0 = Release|Any CPU
		{016FF5AF-759C-4A11-ABA1-723C6F925953}.Debug|Any CPU.ActiveCfg = Debug|Any CPU
		{016FF5AF-759C-4A11-ABA1-723C6F925953}.Debug|Any CPU.Build.0 = Debug|Any CPU
		{016FF5AF-759C-4A11-ABA1-723C6F925953}.Release|Any CPU.ActiveCfg = Release|Any CPU
		{016FF5AF-759C-4A11-ABA1-723C6F925953}.Release|Any CPU.Build.0 = Release|Any CPU
		{90B61921-AF88-4010-AFB8-08FAA3EBF173}.Debug|Any CPU.ActiveCfg = Debug|Any CPU
		{90B61921-AF88-4010-AFB8-08FAA3EBF173}.Debug|Any CPU.Build.0 = Debug|Any CPU
		{90B61921-AF88-4010-AFB8-08FAA3EBF173}.Release|Any CPU.ActiveCfg = Release|Any CPU
		{90B61921-AF88-4010-AFB8-08FAA3EBF173}.Release|Any CPU.Build.0 = Release|Any CPU
		{401D1558-5548-455F-B6DE-619DD9ECB8BB}.Debug|Any CPU.ActiveCfg = Debug|Any CPU
		{401D1558-5548-455F-B6DE-619DD9ECB8BB}.Debug|Any CPU.Build.0 = Debug|Any CPU
		{401D1558-5548-455F-B6DE-619DD9ECB8BB}.Release|Any CPU.ActiveCfg = Release|Any CPU
		{401D1558-5548-455F-B6DE-619DD9ECB8BB}.Release|Any CPU.Build.0 = Release|Any CPU
		{B9A8CF9A-7B62-481E-A155-DA07CD3172E9}.Debug|Any CPU.ActiveCfg = Debug|Any CPU
		{B9A8CF9A-7B62-481E-A155-DA07CD3172E9}.Debug|Any CPU.Build.0 = Debug|Any CPU
		{B9A8CF9A-7B62-481E-A155-DA07CD3172E9}.Release|Any CPU.ActiveCfg = Release|Any CPU
		{B9A8CF9A-7B62-481E-A155-DA07CD3172E9}.Release|Any CPU.Build.0 = Release|Any CPU
		{16B95F69-FEED-4E17-9010-B97C3591CBD5}.Debug|Any CPU.ActiveCfg = Debug|Any CPU
		{16B95F69-FEED-4E17-9010-B97C3591CBD5}.Debug|Any CPU.Build.0 = Debug|Any CPU
		{16B95F69-FEED-4E17-9010-B97C3591CBD5}.Release|Any CPU.ActiveCfg = Release|Any CPU
		{16B95F69-FEED-4E17-9010-B97C3591CBD5}.Release|Any CPU.Build.0 = Release|Any CPU
		{AC7E764C-12EF-492A-A60D-2E284AF2D31D}.Debug|Any CPU.ActiveCfg = Debug|Any CPU
		{AC7E764C-12EF-492A-A60D-2E284AF2D31D}.Debug|Any CPU.Build.0 = Debug|Any CPU
		{AC7E764C-12EF-492A-A60D-2E284AF2D31D}.Release|Any CPU.ActiveCfg = Release|Any CPU
		{AC7E764C-12EF-492A-A60D-2E284AF2D31D}.Release|Any CPU.Build.0 = Release|Any CPU
	EndGlobalSection
	GlobalSection(NestedProjects) = preSolution
		{8A8252D2-968E-4097-8D84-5E1A4287AB23} = {9805FFFF-9C74-4E1F-9FE8-0423C9469E33}
		{90CB46D5-6345-40A2-BACC-9D3C211EF692} = {8A8252D2-968E-4097-8D84-5E1A4287AB23}
		{46BC1973-F2E0-4FED-9FB3-92CD7E489072} = {8A8252D2-968E-4097-8D84-5E1A4287AB23}
		{A119215C-4161-4BDC-8E7C-0DA6DD655079} = {8A8252D2-968E-4097-8D84-5E1A4287AB23}
		{EB86F2BA-AC67-4A51-BDD7-E391CDFDF265} = {8A8252D2-968E-4097-8D84-5E1A4287AB23}
		{F16F641E-9989-4BD9-97D8-2135DD52B803} = {8A8252D2-968E-4097-8D84-5E1A4287AB23}
		{63FCEA68-F792-4860-88AD-7EF163AD667F} = {8A8252D2-968E-4097-8D84-5E1A4287AB23}
		{016FF5AF-759C-4A11-ABA1-723C6F925953} = {8A8252D2-968E-4097-8D84-5E1A4287AB23}
		{90B61921-AF88-4010-AFB8-08FAA3EBF173} = {8A8252D2-968E-4097-8D84-5E1A4287AB23}
		{401D1558-5548-455F-B6DE-619DD9ECB8BB} = {8A8252D2-968E-4097-8D84-5E1A4287AB23}
		{B9A8CF9A-7B62-481E-A155-DA07CD3172E9} = {8A8252D2-968E-4097-8D84-5E1A4287AB23}
		{16B95F69-FEED-4E17-9010-B97C3591CBD5} = {8A8252D2-968E-4097-8D84-5E1A4287AB23}
		{AC7E764C-12EF-492A-A60D-2E284AF2D31D} = {8A8252D2-968E-4097-8D84-5E1A4287AB23}
	EndGlobalSection
EndGlobal
